
Microsoft Visual Studio Solution File, Format Version 12.00
# Visual Studio Version 17
VisualStudioVersion = 17.11.35303.130
MinimumVisualStudioVersion = 10.0.40219.1
Project("{FAE04EC0-301F-11D3-BF4B-00C04F79EFBC}") = "Lr2.1", "Lr2.1\Lr2.1.csproj", "{94053282-2276-4CC2-AAEF-C45523B868F3}"
EndProject
Global
	GlobalSection(SolutionConfigurationPlatforms) = preSolution
		Debug|Any CPU = Debug|Any CPU
		Release|Any CPU = Release|Any CPU
	EndGlobalSection
	GlobalSection(ProjectConfigurationPlatforms) = postSolution
		{94053282-2276-4CC2-AAEF-C45523B868F3}.Debug|Any CPU.ActiveCfg = Debug|Any CPU
		{94053282-2276-4CC2-AAEF-C45523B868F3}.Debug|Any CPU.Build.0 = Debug|Any CPU
		{94053282-2276-4CC2-AAEF-C45523B868F3}.Release|Any CPU.ActiveCfg = Release|Any CPU
		{94053282-2276-4CC2-AAEF-C45523B868F3}.Release|Any CPU.Build.0 = Release|Any CPU
	EndGlobalSection
	GlobalSection(SolutionProperties) = preSolution
		HideSolutionNode = FALSE
	EndGlobalSection
	GlobalSection(ExtensibilityGlobals) = postSolution
		SolutionGuid = {9071220F-B8D7-4F5F-A19B-C7A4A0E641C0}
	EndGlobalSection
EndGlobal
